
Microsoft Visual Studio Solution File, Format Version 12.00
# Visual Studio Version 16
VisualStudioVersion = 16.0.31624.102
MinimumVisualStudioVersion = 10.0.40219.1
Project("{FAE04EC0-301F-11D3-BF4B-00C04F79EFBC}") = "1_warmUp", "1_warmUp.csproj", "{21A1E1AC-20EE-4FAA-981B-3C6A4CCAA004}"
EndProject
Global
	GlobalSection(SolutionConfigurationPlatforms) = preSolution
		Debug|Any CPU = Debug|Any CPU
		Release|Any CPU = Release|Any CPU
	EndGlobalSection
	GlobalSection(ProjectConfigurationPlatforms) = postSolution
		{21A1E1AC-20EE-4FAA-981B-3C6A4CCAA004}.Debug|Any CPU.ActiveCfg = Debug|Any CPU
		{21A1E1AC-20EE-4FAA-981B-3C6A4CCAA004}.Debug|Any CPU.Build.0 = Debug|Any CPU
		{21A1E1AC-20EE-4FAA-981B-3C6A4CCAA004}.Release|Any CPU.ActiveCfg = Release|Any CPU
		{21A1E1AC-20EE-4FAA-981B-3C6A4CCAA004}.Release|Any CPU.Build.0 = Release|Any CPU
	EndGlobalSection
	GlobalSection(SolutionProperties) = preSolution
		HideSolutionNode = FALSE
	EndGlobalSection
	GlobalSection(ExtensibilityGlobals) = postSolution
		SolutionGuid = {6CC5DCBB-5FA4-4CC5-AC1A-D2FEBE908F44}
	EndGlobalSection
EndGlobal
