
Microsoft Visual Studio Solution File, Format Version 12.00
# Visual Studio Version 16
VisualStudioVersion = 16.0.31727.386
MinimumVisualStudioVersion = 10.0.40219.1
Project("{FAE04EC0-301F-11D3-BF4B-00C04F79EFBC}") = "3_updateDB", "3_updateDB.csproj", "{A0333EF8-907C-4187-8D8E-D6F0377AC259}"
EndProject
Global
	GlobalSection(SolutionConfigurationPlatforms) = preSolution
		Debug|Any CPU = Debug|Any CPU
		Release|Any CPU = Release|Any CPU
	EndGlobalSection
	GlobalSection(ProjectConfigurationPlatforms) = postSolution
		{A0333EF8-907C-4187-8D8E-D6F0377AC259}.Debug|Any CPU.ActiveCfg = Debug|Any CPU
		{A0333EF8-907C-4187-8D8E-D6F0377AC259}.Debug|Any CPU.Build.0 = Debug|Any CPU
		{A0333EF8-907C-4187-8D8E-D6F0377AC259}.Release|Any CPU.ActiveCfg = Release|Any CPU
		{A0333EF8-907C-4187-8D8E-D6F0377AC259}.Release|Any CPU.Build.0 = Release|Any CPU
	EndGlobalSection
	GlobalSection(SolutionProperties) = preSolution
		HideSolutionNode = FALSE
	EndGlobalSection
	GlobalSection(ExtensibilityGlobals) = postSolution
		SolutionGuid = {786A56F4-D9A6-4CF2-A27F-E9A36208A5EC}
	EndGlobalSection
EndGlobal
