
Microsoft Visual Studio Solution File, Format Version 12.00
# Visual Studio Version 16
VisualStudioVersion = 16.0.31727.386
MinimumVisualStudioVersion = 10.0.40219.1
Project("{FAE04EC0-301F-11D3-BF4B-00C04F79EFBC}") = "1_warmUp", "1_warmUp.csproj", "{376584F4-ACBA-40BF-9706-11EA7467B515}"
EndProject
Global
	GlobalSection(SolutionConfigurationPlatforms) = preSolution
		Debug|Any CPU = Debug|Any CPU
		Release|Any CPU = Release|Any CPU
	EndGlobalSection
	GlobalSection(ProjectConfigurationPlatforms) = postSolution
		{376584F4-ACBA-40BF-9706-11EA7467B515}.Debug|Any CPU.ActiveCfg = Debug|Any CPU
		{376584F4-ACBA-40BF-9706-11EA7467B515}.Debug|Any CPU.Build.0 = Debug|Any CPU
		{376584F4-ACBA-40BF-9706-11EA7467B515}.Release|Any CPU.ActiveCfg = Release|Any CPU
		{376584F4-ACBA-40BF-9706-11EA7467B515}.Release|Any CPU.Build.0 = Release|Any CPU
	EndGlobalSection
	GlobalSection(SolutionProperties) = preSolution
		HideSolutionNode = FALSE
	EndGlobalSection
	GlobalSection(ExtensibilityGlobals) = postSolution
		SolutionGuid = {9529470C-375A-4A33-8959-C3EEC79A53E6}
	EndGlobalSection
EndGlobal
