
Microsoft Visual Studio Solution File, Format Version 12.00
# Visual Studio Version 17
VisualStudioVersion = 17.1.31903.286
MinimumVisualStudioVersion = 10.0.40219.1
Project("{FAE04EC0-301F-11D3-BF4B-00C04F79EFBC}") = "Gloria", "Gloria.csproj", "{BCC9ADBE-F007-42A3-BAFE-7BFC158B46CA}"
EndProject
Global
	GlobalSection(SolutionConfigurationPlatforms) = preSolution
		Debug|Any CPU = Debug|Any CPU
		Release|Any CPU = Release|Any CPU
	EndGlobalSection
	GlobalSection(ProjectConfigurationPlatforms) = postSolution
		{BCC9ADBE-F007-42A3-BAFE-7BFC158B46CA}.Debug|Any CPU.ActiveCfg = Debug|Any CPU
		{BCC9ADBE-F007-42A3-BAFE-7BFC158B46CA}.Debug|Any CPU.Build.0 = Debug|Any CPU
		{BCC9ADBE-F007-42A3-BAFE-7BFC158B46CA}.Release|Any CPU.ActiveCfg = Release|Any CPU
		{BCC9ADBE-F007-42A3-BAFE-7BFC158B46CA}.Release|Any CPU.Build.0 = Release|Any CPU
	EndGlobalSection
	GlobalSection(SolutionProperties) = preSolution
		HideSolutionNode = FALSE
	EndGlobalSection
	GlobalSection(ExtensibilityGlobals) = postSolution
		SolutionGuid = {13A74315-B2CC-4C01-8A5B-7705E6D30037}
	EndGlobalSection
EndGlobal
